{
  "name": "linka-style3",
  "version": "1.0.0",
  "lockfileVersion": 1,
  "requires": true,
  "dependencies": {
    "bootstrap": {
      "version": "3.3.7",
      "resolved": "http://registry.npmjs.org/bootstrap/-/bootstrap-3.3.7.tgz",
      "integrity": "sha1-WjiTlFSfIzMIdaOxUGVldPip63E="
    },
    "claygl": {
      "version": "1.2.3",
      "resolved": "https://registry.npmjs.org/claygl/-/claygl-1.2.3.tgz",
      "integrity": "sha512-Egk/5+yJV85aSXaWP2pmyM38+8DhKOhvpHmQRjCnhLD5adU7SvNNpy4BUSc7cTGpuZ67Em8579oVWzkCLJXhgA=="
    },
    "echarts": {
      "version": "4.2.0-rc.2",
      "resolved": "https://registry.npmjs.org/echarts/-/echarts-4.2.0-rc.2.tgz",
      "integrity": "sha512-5Y4Kyi4eNsRM9Cnl7Q8C6PFVjznBJv1VIiMm/VSQ9zyqeo+ce1695GqUd9v4zfVx+Ow1gnwMJX67h0FNvarScw==",
      "requires": {
        "zrender": "4.0.5"
      }
    },
    "echarts-gl": {
      "version": "1.1.1",
      "resolved": "https://registry.npmjs.org/echarts-gl/-/echarts-gl-1.1.1.tgz",
      "integrity": "sha512-cRSTU9H+Ay+qCUFowm+2XcxYqCfi/OLK805NISeJunKgJa5p+7p7tnHZoI0qKebjtHu8VbFSOBk9UvWZ01adng==",
      "requires": {
        "claygl": "^1.2.1",
        "zrender": "^4.0.4"
      }
    },
    "echarts-liquidfill": {
      "version": "2.0.3",
      "resolved": "https://registry.npmjs.org/echarts-liquidfill/-/echarts-liquidfill-2.0.3.tgz",
      "integrity": "sha512-pnTkLQNsiCU07jBbgXxzseNjGKcntifDeSMMjSwWzsjT6OxFjplecBAwQc5ZOwZYZXoMimmrZb2W5b21uoDmJw=="
    },
    "font-awesome": {
      "version": "4.7.0",
      "resolved": "https://registry.npmjs.org/font-awesome/-/font-awesome-4.7.0.tgz",
      "integrity": "sha1-j6jPBBGhoxr9B7BtKQK7n8gVoTM="
    },
    "jquery": {
      "version": "3.3.1",
      "resolved": "https://registry.npmjs.org/jquery/-/jquery-3.3.1.tgz",
      "integrity": "sha512-Ubldcmxp5np52/ENotGxlLe6aGMvmF4R8S6tZjsP6Knsaxd/xp3Zrh50cG93lR6nPXyUFwzN3ZSOQI0wRJNdGg=="
    },
    "zrender": {
      "version": "4.0.5",
      "resolved": "https://registry.npmjs.org/zrender/-/zrender-4.0.5.tgz",
      "integrity": "sha512-SintgipGEJPT9Sz2ABRoE4ZD7Yzy7oR7j7KP6H+C9FlbHWnLUfGVK7E8UV27pGwlxAMB0EsnrqhXx5XjAfv/KA=="
    }
  }
}
